
Microsoft Visual Studio Solution File, Format Version 12.00
# Visual Studio Version 16
VisualStudioVersion = 16.0.31402.337
MinimumVisualStudioVersion = 10.0.40219.1
Project("{FAE04EC0-301F-11D3-BF4B-00C04F79EFBC}") = "WebAPi", "WebAPi\WebAPi.csproj", "{B3E7EAF2-402B-4456-8D15-09BD01A61A04}"
EndProject
Project("{FAE04EC0-301F-11D3-BF4B-00C04F79EFBC}") = "Contracts", "Contracts\Contracts.csproj", "{B7ADE1B4-5896-4906-A06A-E9BFBB416AF8}"
EndProject
Project("{FAE04EC0-301F-11D3-BF4B-00C04F79EFBC}") = "LoggerService", "LoggerService\LoggerService.csproj", "{248BD0D8-488A-4835-B114-8EAF5C5CCEB7}"
EndProject
Project("{FAE04EC0-301F-11D3-BF4B-00C04F79EFBC}") = "Entities", "Entities\Entities.csproj", "{9F666752-DDD3-49D9-9926-76307366B99F}"
EndProject
Project("{FAE04EC0-301F-11D3-BF4B-00C04F79EFBC}") = "Repository", "Repository\Repository.csproj", "{D753840C-DAE8-42C5-8963-D519273B418C}"
EndProject
Global
	GlobalSection(SolutionConfigurationPlatforms) = preSolution
		Debug|Any CPU = Debug|Any CPU
		Release|Any CPU = Release|Any CPU
	EndGlobalSection
	GlobalSection(ProjectConfigurationPlatforms) = postSolution
		{B3E7EAF2-402B-4456-8D15-09BD01A61A04}.Debug|Any CPU.ActiveCfg = Debug|Any CPU
		{B3E7EAF2-402B-4456-8D15-09BD01A61A04}.Debug|Any CPU.Build.0 = Debug|Any CPU
		{B3E7EAF2-402B-4456-8D15-09BD01A61A04}.Release|Any CPU.ActiveCfg = Release|Any CPU
		{B3E7EAF2-402B-4456-8D15-09BD01A61A04}.Release|Any CPU.Build.0 = Release|Any CPU
		{B7ADE1B4-5896-4906-A06A-E9BFBB416AF8}.Debug|Any CPU.ActiveCfg = Debug|Any CPU
		{B7ADE1B4-5896-4906-A06A-E9BFBB416AF8}.Debug|Any CPU.Build.0 = Debug|Any CPU
		{B7ADE1B4-5896-4906-A06A-E9BFBB416AF8}.Release|Any CPU.ActiveCfg = Release|Any CPU
		{B7ADE1B4-5896-4906-A06A-E9BFBB416AF8}.Release|Any CPU.Build.0 = Release|Any CPU
		{248BD0D8-488A-4835-B114-8EAF5C5CCEB7}.Debug|Any CPU.ActiveCfg = Debug|Any CPU
		{248BD0D8-488A-4835-B114-8EAF5C5CCEB7}.Debug|Any CPU.Build.0 = Debug|Any CPU
		{248BD0D8-488A-4835-B114-8EAF5C5CCEB7}.Release|Any CPU.ActiveCfg = Release|Any CPU
		{248BD0D8-488A-4835-B114-8EAF5C5CCEB7}.Release|Any CPU.Build.0 = Release|Any CPU
		{9F666752-DDD3-49D9-9926-76307366B99F}.Debug|Any CPU.ActiveCfg = Debug|Any CPU
		{9F666752-DDD3-49D9-9926-76307366B99F}.Debug|Any CPU.Build.0 = Debug|Any CPU
		{9F666752-DDD3-49D9-9926-76307366B99F}.Release|Any CPU.ActiveCfg = Release|Any CPU
		{9F666752-DDD3-49D9-9926-76307366B99F}.Release|Any CPU.Build.0 = Release|Any CPU
		{D753840C-DAE8-42C5-8963-D519273B418C}.Debug|Any CPU.ActiveCfg = Debug|Any CPU
		{D753840C-DAE8-42C5-8963-D519273B418C}.Debug|Any CPU.Build.0 = Debug|Any CPU
		{D753840C-DAE8-42C5-8963-D519273B418C}.Release|Any CPU.ActiveCfg = Release|Any CPU
		{D753840C-DAE8-42C5-8963-D519273B418C}.Release|Any CPU.Build.0 = Release|Any CPU
	EndGlobalSection
	GlobalSection(SolutionProperties) = preSolution
		HideSolutionNode = FALSE
	EndGlobalSection
	GlobalSection(ExtensibilityGlobals) = postSolution
		SolutionGuid = {7AF5E788-11E8-40C1-B001-3F872E99335C}
	EndGlobalSection
EndGlobal
